
Microsoft Visual Studio Solution File, Format Version 12.00
# Visual Studio 14
VisualStudioVersion = 14.0.25123.0
MinimumVisualStudioVersion = 10.0.40219.1
Project("{FAE04EC0-301F-11D3-BF4B-00C04F79EFBC}") = "CommonData", "CommonTypes\CommonData.csproj", "{521BA932-6BE5-481B-A3ED-C6B2BAE91217}"
EndProject
Project("{FAE04EC0-301F-11D3-BF4B-00C04F79EFBC}") = "ServerBL", "ServerBI\ServerBL.csproj", "{68ADBA17-0D30-428C-ABAD-839517257566}"
EndProject
Project("{FAE04EC0-301F-11D3-BF4B-00C04F79EFBC}") = "ClientBL", "ClientBL\ClientBL.csproj", "{F2E3DE8C-D0D2-42B9-96F8-0EC933F4F8BF}"
EndProject
Project("{FAE04EC0-301F-11D3-BF4B-00C04F79EFBC}") = "ServerInterface", "ServerInterface\ServerInterface.csproj", "{AE2853BD-5F2E-45EF-97C4-430A7EE38292}"
EndProject
Project("{FAE04EC0-301F-11D3-BF4B-00C04F79EFBC}") = "ClientInterface", "ClientInterface\ClientInterface.csproj", "{28A08506-A557-49AF-9668-5B565768644E}"
EndProject
Global
	GlobalSection(SolutionConfigurationPlatforms) = preSolution
		Debug|Any CPU = Debug|Any CPU
		Release|Any CPU = Release|Any CPU
	EndGlobalSection
	GlobalSection(ProjectConfigurationPlatforms) = postSolution
		{521BA932-6BE5-481B-A3ED-C6B2BAE91217}.Debug|Any CPU.ActiveCfg = Debug|Any CPU
		{521BA932-6BE5-481B-A3ED-C6B2BAE91217}.Debug|Any CPU.Build.0 = Debug|Any CPU
		{521BA932-6BE5-481B-A3ED-C6B2BAE91217}.Release|Any CPU.ActiveCfg = Release|Any CPU
		{521BA932-6BE5-481B-A3ED-C6B2BAE91217}.Release|Any CPU.Build.0 = Release|Any CPU
		{68ADBA17-0D30-428C-ABAD-839517257566}.Debug|Any CPU.ActiveCfg = Debug|Any CPU
		{68ADBA17-0D30-428C-ABAD-839517257566}.Debug|Any CPU.Build.0 = Debug|Any CPU
		{68ADBA17-0D30-428C-ABAD-839517257566}.Release|Any CPU.ActiveCfg = Release|Any CPU
		{68ADBA17-0D30-428C-ABAD-839517257566}.Release|Any CPU.Build.0 = Release|Any CPU
		{F2E3DE8C-D0D2-42B9-96F8-0EC933F4F8BF}.Debug|Any CPU.ActiveCfg = Debug|Any CPU
		{F2E3DE8C-D0D2-42B9-96F8-0EC933F4F8BF}.Debug|Any CPU.Build.0 = Debug|Any CPU
		{F2E3DE8C-D0D2-42B9-96F8-0EC933F4F8BF}.Release|Any CPU.ActiveCfg = Release|Any CPU
		{F2E3DE8C-D0D2-42B9-96F8-0EC933F4F8BF}.Release|Any CPU.Build.0 = Release|Any CPU
		{AE2853BD-5F2E-45EF-97C4-430A7EE38292}.Debug|Any CPU.ActiveCfg = Debug|Any CPU
		{AE2853BD-5F2E-45EF-97C4-430A7EE38292}.Debug|Any CPU.Build.0 = Debug|Any CPU
		{AE2853BD-5F2E-45EF-97C4-430A7EE38292}.Release|Any CPU.ActiveCfg = Release|Any CPU
		{AE2853BD-5F2E-45EF-97C4-430A7EE38292}.Release|Any CPU.Build.0 = Release|Any CPU
		{28A08506-A557-49AF-9668-5B565768644E}.Debug|Any CPU.ActiveCfg = Debug|Any CPU
		{28A08506-A557-49AF-9668-5B565768644E}.Debug|Any CPU.Build.0 = Debug|Any CPU
		{28A08506-A557-49AF-9668-5B565768644E}.Release|Any CPU.ActiveCfg = Release|Any CPU
		{28A08506-A557-49AF-9668-5B565768644E}.Release|Any CPU.Build.0 = Release|Any CPU
	EndGlobalSection
	GlobalSection(SolutionProperties) = preSolution
		HideSolutionNode = FALSE
	EndGlobalSection
EndGlobal
